
Microsoft Visual Studio Solution File, Format Version 12.00
# Visual Studio 15
VisualStudioVersion = 15.0.27703.2000
MinimumVisualStudioVersion = 10.0.40219.1
Project("{FAE04EC0-301F-11D3-BF4B-00C04F79EFBC}") = "CineListHelper", "CineListHelper\CineListHelper.csproj", "{5F4CB2DC-062D-4B83-AA74-78C80A5BFFE9}"
EndProject
Project("{FAE04EC0-301F-11D3-BF4B-00C04F79EFBC}") = "CineListConsole", "CineListConsole\CineListConsole.csproj", "{8596D347-9387-4C0D-AAAF-7DC518E626AA}"
EndProject
Global
	GlobalSection(SolutionConfigurationPlatforms) = preSolution
		Debug|Any CPU = Debug|Any CPU
		Release|Any CPU = Release|Any CPU
	EndGlobalSection
	GlobalSection(ProjectConfigurationPlatforms) = postSolution
		{5F4CB2DC-062D-4B83-AA74-78C80A5BFFE9}.Debug|Any CPU.ActiveCfg = Debug|Any CPU
		{5F4CB2DC-062D-4B83-AA74-78C80A5BFFE9}.Debug|Any CPU.Build.0 = Debug|Any CPU
		{5F4CB2DC-062D-4B83-AA74-78C80A5BFFE9}.Release|Any CPU.ActiveCfg = Release|Any CPU
		{5F4CB2DC-062D-4B83-AA74-78C80A5BFFE9}.Release|Any CPU.Build.0 = Release|Any CPU
		{8596D347-9387-4C0D-AAAF-7DC518E626AA}.Debug|Any CPU.ActiveCfg = Debug|Any CPU
		{8596D347-9387-4C0D-AAAF-7DC518E626AA}.Debug|Any CPU.Build.0 = Debug|Any CPU
		{8596D347-9387-4C0D-AAAF-7DC518E626AA}.Release|Any CPU.ActiveCfg = Release|Any CPU
		{8596D347-9387-4C0D-AAAF-7DC518E626AA}.Release|Any CPU.Build.0 = Release|Any CPU
	EndGlobalSection
	GlobalSection(SolutionProperties) = preSolution
		HideSolutionNode = FALSE
	EndGlobalSection
	GlobalSection(ExtensibilityGlobals) = postSolution
		SolutionGuid = {2AEF109C-B788-4B39-AA53-E0BFBC27D3C5}
	EndGlobalSection
EndGlobal
